
Microsoft Visual Studio Solution File, Format Version 12.00
# Visual Studio Version 16
VisualStudioVersion = 16.0.29920.165
MinimumVisualStudioVersion = 10.0.40219.1
Project("{FAE04EC0-301F-11D3-BF4B-00C04F79EFBC}") = "TP_Module4.UWP", "TP_Module4\TP_Module4.UWP\TP_Module4.UWP.csproj", "{EC89A7E7-E25C-4C87-81AD-BE0257D9AFA7}"
EndProject
Project("{FAE04EC0-301F-11D3-BF4B-00C04F79EFBC}") = "TP_Module4.Android", "TP_Module4\TP_Module4.Android\TP_Module4.Android.csproj", "{1517132D-4D7B-438C-BA9D-38CF1D2971A0}"
EndProject
Project("{FAE04EC0-301F-11D3-BF4B-00C04F79EFBC}") = "TP_Module4.iOS", "TP_Module4\TP_Module4.iOS\TP_Module4.iOS.csproj", "{211272F4-9114-4DA7-AD77-82F8B391EB51}"
EndProject
Project("{FAE04EC0-301F-11D3-BF4B-00C04F79EFBC}") = "TP_Module4", "TP_Module4\TP_Module4\TP_Module4.csproj", "{AA68D4B2-200D-4883-AC0B-0A09826A4E09}"
EndProject
Global
	GlobalSection(SolutionConfigurationPlatforms) = preSolution
		Debug|Any CPU = Debug|Any CPU
		Debug|ARM = Debug|ARM
		Debug|iPhone = Debug|iPhone
		Debug|iPhoneSimulator = Debug|iPhoneSimulator
		Debug|x64 = Debug|x64
		Debug|x86 = Debug|x86
		Release|Any CPU = Release|Any CPU
		Release|ARM = Release|ARM
		Release|iPhone = Release|iPhone
		Release|iPhoneSimulator = Release|iPhoneSimulator
		Release|x64 = Release|x64
		Release|x86 = Release|x86
	EndGlobalSection
	GlobalSection(ProjectConfigurationPlatforms) = postSolution
		{EC89A7E7-E25C-4C87-81AD-BE0257D9AFA7}.Debug|Any CPU.ActiveCfg = Debug|x86
		{EC89A7E7-E25C-4C87-81AD-BE0257D9AFA7}.Debug|Any CPU.Build.0 = Debug|x86
		{EC89A7E7-E25C-4C87-81AD-BE0257D9AFA7}.Debug|Any CPU.Deploy.0 = Debug|x86
		{EC89A7E7-E25C-4C87-81AD-BE0257D9AFA7}.Debug|ARM.ActiveCfg = Debug|ARM
		{EC89A7E7-E25C-4C87-81AD-BE0257D9AFA7}.Debug|ARM.Build.0 = Debug|ARM
		{EC89A7E7-E25C-4C87-81AD-BE0257D9AFA7}.Debug|ARM.Deploy.0 = Debug|ARM
		{EC89A7E7-E25C-4C87-81AD-BE0257D9AFA7}.Debug|iPhone.ActiveCfg = Debug|x86
		{EC89A7E7-E25C-4C87-81AD-BE0257D9AFA7}.Debug|iPhone.Build.0 = Debug|x86
		{EC89A7E7-E25C-4C87-81AD-BE0257D9AFA7}.Debug|iPhone.Deploy.0 = Debug|x86
		{EC89A7E7-E25C-4C87-81AD-BE0257D9AFA7}.Debug|iPhoneSimulator.ActiveCfg = Debug|x86
		{EC89A7E7-E25C-4C87-81AD-BE0257D9AFA7}.Debug|iPhoneSimulator.Build.0 = Debug|x86
		{EC89A7E7-E25C-4C87-81AD-BE0257D9AFA7}.Debug|iPhoneSimulator.Deploy.0 = Debug|x86
		{EC89A7E7-E25C-4C87-81AD-BE0257D9AFA7}.Debug|x64.ActiveCfg = Debug|x64
		{EC89A7E7-E25C-4C87-81AD-BE0257D9AFA7}.Debug|x64.Build.0 = Debug|x64
		{EC89A7E7-E25C-4C87-81AD-BE0257D9AFA7}.Debug|x64.Deploy.0 = Debug|x64
		{EC89A7E7-E25C-4C87-81AD-BE0257D9AFA7}.Debug|x86.ActiveCfg = Debug|x86
		{EC89A7E7-E25C-4C87-81AD-BE0257D9AFA7}.Debug|x86.Build.0 = Debug|x86
		{EC89A7E7-E25C-4C87-81AD-BE0257D9AFA7}.Debug|x86.Deploy.0 = Debug|x86
		{EC89A7E7-E25C-4C87-81AD-BE0257D9AFA7}.Release|Any CPU.ActiveCfg = Release|x86
		{EC89A7E7-E25C-4C87-81AD-BE0257D9AFA7}.Release|Any CPU.Build.0 = Release|x86
		{EC89A7E7-E25C-4C87-81AD-BE0257D9AFA7}.Release|Any CPU.Deploy.0 = Release|x86
		{EC89A7E7-E25C-4C87-81AD-BE0257D9AFA7}.Release|ARM.ActiveCfg = Release|ARM
		{EC89A7E7-E25C-4C87-81AD-BE0257D9AFA7}.Release|ARM.Build.0 = Release|ARM
		{EC89A7E7-E25C-4C87-81AD-BE0257D9AFA7}.Release|ARM.Deploy.0 = Release|ARM
		{EC89A7E7-E25C-4C87-81AD-BE0257D9AFA7}.Release|iPhone.ActiveCfg = Release|x86
		{EC89A7E7-E25C-4C87-81AD-BE0257D9AFA7}.Release|iPhone.Build.0 = Release|x86
		{EC89A7E7-E25C-4C87-81AD-BE0257D9AFA7}.Release|iPhone.Deploy.0 = Release|x86
		{EC89A7E7-E25C-4C87-81AD-BE0257D9AFA7}.Release|iPhoneSimulator.ActiveCfg = Release|x86
		{EC89A7E7-E25C-4C87-81AD-BE0257D9AFA7}.Release|iPhoneSimulator.Build.0 = Release|x86
		{EC89A7E7-E25C-4C87-81AD-BE0257D9AFA7}.Release|iPhoneSimulator.Deploy.0 = Release|x86
		{EC89A7E7-E25C-4C87-81AD-BE0257D9AFA7}.Release|x64.ActiveCfg = Release|x64
		{EC89A7E7-E25C-4C87-81AD-BE0257D9AFA7}.Release|x64.Build.0 = Release|x64
		{EC89A7E7-E25C-4C87-81AD-BE0257D9AFA7}.Release|x64.Deploy.0 = Release|x64
		{EC89A7E7-E25C-4C87-81AD-BE0257D9AFA7}.Release|x86.ActiveCfg = Release|x86
		{EC89A7E7-E25C-4C87-81AD-BE0257D9AFA7}.Release|x86.Build.0 = Release|x86
		{EC89A7E7-E25C-4C87-81AD-BE0257D9AFA7}.Release|x86.Deploy.0 = Release|x86
		{1517132D-4D7B-438C-BA9D-38CF1D2971A0}.Debug|Any CPU.ActiveCfg = Debug|Any CPU
		{1517132D-4D7B-438C-BA9D-38CF1D2971A0}.Debug|Any CPU.Build.0 = Debug|Any CPU
		{1517132D-4D7B-438C-BA9D-38CF1D2971A0}.Debug|Any CPU.Deploy.0 = Debug|Any CPU
		{1517132D-4D7B-438C-BA9D-38CF1D2971A0}.Debug|ARM.ActiveCfg = Debug|Any CPU
		{1517132D-4D7B-438C-BA9D-38CF1D2971A0}.Debug|ARM.Build.0 = Debug|Any CPU
		{1517132D-4D7B-438C-BA9D-38CF1D2971A0}.Debug|ARM.Deploy.0 = Debug|Any CPU
		{1517132D-4D7B-438C-BA9D-38CF1D2971A0}.Debug|iPhone.ActiveCfg = Debug|Any CPU
		{1517132D-4D7B-438C-BA9D-38CF1D2971A0}.Debug|iPhone.Build.0 = Debug|Any CPU
		{1517132D-4D7B-438C-BA9D-38CF1D2971A0}.Debug|iPhone.Deploy.0 = Debug|Any CPU
		{1517132D-4D7B-438C-BA9D-38CF1D2971A0}.Debug|iPhoneSimulator.ActiveCfg = Debug|Any CPU
		{1517132D-4D7B-438C-BA9D-38CF1D2971A0}.Debug|iPhoneSimulator.Build.0 = Debug|Any CPU
		{1517132D-4D7B-438C-BA9D-38CF1D2971A0}.Debug|iPhoneSimulator.Deploy.0 = Debug|Any CPU
		{1517132D-4D7B-438C-BA9D-38CF1D2971A0}.Debug|x64.ActiveCfg = Debug|Any CPU
		{1517132D-4D7B-438C-BA9D-38CF1D2971A0}.Debug|x64.Build.0 = Debug|Any CPU
		{1517132D-4D7B-438C-BA9D-38CF1D2971A0}.Debug|x64.Deploy.0 = Debug|Any CPU
		{1517132D-4D7B-438C-BA9D-38CF1D2971A0}.Debug|x86.ActiveCfg = Debug|Any CPU
		{1517132D-4D7B-438C-BA9D-38CF1D2971A0}.Debug|x86.Build.0 = Debug|Any CPU
		{1517132D-4D7B-438C-BA9D-38CF1D2971A0}.Debug|x86.Deploy.0 = Debug|Any CPU
		{1517132D-4D7B-438C-BA9D-38CF1D2971A0}.Release|Any CPU.ActiveCfg = Release|Any CPU
		{1517132D-4D7B-438C-BA9D-38CF1D2971A0}.Release|Any CPU.Build.0 = Release|Any CPU
		{1517132D-4D7B-438C-BA9D-38CF1D2971A0}.Release|Any CPU.Deploy.0 = Release|Any CPU
		{1517132D-4D7B-438C-BA9D-38CF1D2971A0}.Release|ARM.ActiveCfg = Release|Any CPU
		{1517132D-4D7B-438C-BA9D-38CF1D2971A0}.Release|ARM.Build.0 = Release|Any CPU
		{1517132D-4D7B-438C-BA9D-38CF1D2971A0}.Release|ARM.Deploy.0 = Release|Any CPU
		{1517132D-4D7B-438C-BA9D-38CF1D2971A0}.Release|iPhone.ActiveCfg = Release|Any CPU
		{1517132D-4D7B-438C-BA9D-38CF1D2971A0}.Release|iPhone.Build.0 = Release|Any CPU
		{1517132D-4D7B-438C-BA9D-38CF1D2971A0}.Release|iPhone.Deploy.0 = Release|Any CPU
		{1517132D-4D7B-438C-BA9D-38CF1D2971A0}.Release|iPhoneSimulator.ActiveCfg = Release|Any CPU
		{1517132D-4D7B-438C-BA9D-38CF1D2971A0}.Release|iPhoneSimulator.Build.0 = Release|Any CPU
		{1517132D-4D7B-438C-BA9D-38CF1D2971A0}.Release|iPhoneSimulator.Deploy.0 = Release|Any CPU
		{1517132D-4D7B-438C-BA9D-38CF1D2971A0}.Release|x64.ActiveCfg = Release|Any CPU
		{1517132D-4D7B-438C-BA9D-38CF1D2971A0}.Release|x64.Build.0 = Release|Any CPU
		{1517132D-4D7B-438C-BA9D-38CF1D2971A0}.Release|x64.Deploy.0 = Release|Any CPU
		{1517132D-4D7B-438C-BA9D-38CF1D2971A0}.Release|x86.ActiveCfg = Release|Any CPU
		{1517132D-4D7B-438C-BA9D-38CF1D2971A0}.Release|x86.Build.0 = Release|Any CPU
		{1517132D-4D7B-438C-BA9D-38CF1D2971A0}.Release|x86.Deploy.0 = Release|Any CPU
		{211272F4-9114-4DA7-AD77-82F8B391EB51}.Debug|Any CPU.ActiveCfg = Debug|iPhone
		{211272F4-9114-4DA7-AD77-82F8B391EB51}.Debug|Any CPU.Build.0 = Debug|iPhone
		{211272F4-9114-4DA7-AD77-82F8B391EB51}.Debug|Any CPU.Deploy.0 = Debug|iPhone
		{211272F4-9114-4DA7-AD77-82F8B391EB51}.Debug|ARM.ActiveCfg = Debug|iPhone
		{211272F4-9114-4DA7-AD77-82F8B391EB51}.Debug|ARM.Build.0 = Debug|iPhone
		{211272F4-9114-4DA7-AD77-82F8B391EB51}.Debug|ARM.Deploy.0 = Debug|iPhone
		{211272F4-9114-4DA7-AD77-82F8B391EB51}.Debug|iPhone.ActiveCfg = Debug|iPhone
		{211272F4-9114-4DA7-AD77-82F8B391EB51}.Debug|iPhone.Build.0 = Debug|iPhone
		{211272F4-9114-4DA7-AD77-82F8B391EB51}.Debug|iPhone.Deploy.0 = Debug|iPhone
		{211272F4-9114-4DA7-AD77-82F8B391EB51}.Debug|iPhoneSimulator.ActiveCfg = Debug|iPhoneSimulator
		{211272F4-9114-4DA7-AD77-82F8B391EB51}.Debug|iPhoneSimulator.Build.0 = Debug|iPhoneSimulator
		{211272F4-9114-4DA7-AD77-82F8B391EB51}.Debug|iPhoneSimulator.Deploy.0 = Debug|iPhoneSimulator
		{211272F4-9114-4DA7-AD77-82F8B391EB51}.Debug|x64.ActiveCfg = Debug|iPhone
		{211272F4-9114-4DA7-AD77-82F8B391EB51}.Debug|x64.Build.0 = Debug|iPhone
		{211272F4-9114-4DA7-AD77-82F8B391EB51}.Debug|x64.Deploy.0 = Debug|iPhone
		{211272F4-9114-4DA7-AD77-82F8B391EB51}.Debug|x86.ActiveCfg = Debug|iPhone
		{211272F4-9114-4DA7-AD77-82F8B391EB51}.Debug|x86.Build.0 = Debug|iPhone
		{211272F4-9114-4DA7-AD77-82F8B391EB51}.Debug|x86.Deploy.0 = Debug|iPhone
		{211272F4-9114-4DA7-AD77-82F8B391EB51}.Release|Any CPU.ActiveCfg = Release|iPhone
		{211272F4-9114-4DA7-AD77-82F8B391EB51}.Release|Any CPU.Build.0 = Release|iPhone
		{211272F4-9114-4DA7-AD77-82F8B391EB51}.Release|Any CPU.Deploy.0 = Release|iPhone
		{211272F4-9114-4DA7-AD77-82F8B391EB51}.Release|ARM.ActiveCfg = Release|iPhone
		{211272F4-9114-4DA7-AD77-82F8B391EB51}.Release|ARM.Build.0 = Release|iPhone
		{211272F4-9114-4DA7-AD77-82F8B391EB51}.Release|ARM.Deploy.0 = Release|iPhone
		{211272F4-9114-4DA7-AD77-82F8B391EB51}.Release|iPhone.ActiveCfg = Release|iPhone
		{211272F4-9114-4DA7-AD77-82F8B391EB51}.Release|iPhone.Build.0 = Release|iPhone
		{211272F4-9114-4DA7-AD77-82F8B391EB51}.Release|iPhone.Deploy.0 = Release|iPhone
		{211272F4-9114-4DA7-AD77-82F8B391EB51}.Release|iPhoneSimulator.ActiveCfg = Release|iPhoneSimulator
		{211272F4-9114-4DA7-AD77-82F8B391EB51}.Release|iPhoneSimulator.Build.0 = Release|iPhoneSimulator
		{211272F4-9114-4DA7-AD77-82F8B391EB51}.Release|iPhoneSimulator.Deploy.0 = Release|iPhoneSimulator
		{211272F4-9114-4DA7-AD77-82F8B391EB51}.Release|x64.ActiveCfg = Release|iPhone
		{211272F4-9114-4DA7-AD77-82F8B391EB51}.Release|x64.Build.0 = Release|iPhone
		{211272F4-9114-4DA7-AD77-82F8B391EB51}.Release|x64.Deploy.0 = Release|iPhone
		{211272F4-9114-4DA7-AD77-82F8B391EB51}.Release|x86.ActiveCfg = Release|iPhone
		{211272F4-9114-4DA7-AD77-82F8B391EB51}.Release|x86.Build.0 = Release|iPhone
		{211272F4-9114-4DA7-AD77-82F8B391EB51}.Release|x86.Deploy.0 = Release|iPhone
		{AA68D4B2-200D-4883-AC0B-0A09826A4E09}.Debug|Any CPU.ActiveCfg = Debug|Any CPU
		{AA68D4B2-200D-4883-AC0B-0A09826A4E09}.Debug|Any CPU.Build.0 = Debug|Any CPU
		{AA68D4B2-200D-4883-AC0B-0A09826A4E09}.Debug|Any CPU.Deploy.0 = Debug|Any CPU
		{AA68D4B2-200D-4883-AC0B-0A09826A4E09}.Debug|ARM.ActiveCfg = Debug|Any CPU
		{AA68D4B2-200D-4883-AC0B-0A09826A4E09}.Debug|ARM.Build.0 = Debug|Any CPU
		{AA68D4B2-200D-4883-AC0B-0A09826A4E09}.Debug|ARM.Deploy.0 = Debug|Any CPU
		{AA68D4B2-200D-4883-AC0B-0A09826A4E09}.Debug|iPhone.ActiveCfg = Debug|Any CPU
		{AA68D4B2-200D-4883-AC0B-0A09826A4E09}.Debug|iPhone.Build.0 = Debug|Any CPU
		{AA68D4B2-200D-4883-AC0B-0A09826A4E09}.Debug|iPhone.Deploy.0 = Debug|Any CPU
		{AA68D4B2-200D-4883-AC0B-0A09826A4E09}.Debug|iPhoneSimulator.ActiveCfg = Debug|Any CPU
		{AA68D4B2-200D-4883-AC0B-0A09826A4E09}.Debug|iPhoneSimulator.Build.0 = Debug|Any CPU
		{AA68D4B2-200D-4883-AC0B-0A09826A4E09}.Debug|iPhoneSimulator.Deploy.0 = Debug|Any CPU
		{AA68D4B2-200D-4883-AC0B-0A09826A4E09}.Debug|x64.ActiveCfg = Debug|Any CPU
		{AA68D4B2-200D-4883-AC0B-0A09826A4E09}.Debug|x64.Build.0 = Debug|Any CPU
		{AA68D4B2-200D-4883-AC0B-0A09826A4E09}.Debug|x64.Deploy.0 = Debug|Any CPU
		{AA68D4B2-200D-4883-AC0B-0A09826A4E09}.Debug|x86.ActiveCfg = Debug|Any CPU
		{AA68D4B2-200D-4883-AC0B-0A09826A4E09}.Debug|x86.Build.0 = Debug|Any CPU
		{AA68D4B2-200D-4883-AC0B-0A09826A4E09}.Debug|x86.Deploy.0 = Debug|Any CPU
		{AA68D4B2-200D-4883-AC0B-0A09826A4E09}.Release|Any CPU.ActiveCfg = Release|Any CPU
		{AA68D4B2-200D-4883-AC0B-0A09826A4E09}.Release|Any CPU.Build.0 = Release|Any CPU
		{AA68D4B2-200D-4883-AC0B-0A09826A4E09}.Release|Any CPU.Deploy.0 = Release|Any CPU
		{AA68D4B2-200D-4883-AC0B-0A09826A4E09}.Release|ARM.ActiveCfg = Release|Any CPU
		{AA68D4B2-200D-4883-AC0B-0A09826A4E09}.Release|ARM.Build.0 = Release|Any CPU
		{AA68D4B2-200D-4883-AC0B-0A09826A4E09}.Release|ARM.Deploy.0 = Release|Any CPU
		{AA68D4B2-200D-4883-AC0B-0A09826A4E09}.Release|iPhone.ActiveCfg = Release|Any CPU
		{AA68D4B2-200D-4883-AC0B-0A09826A4E09}.Release|iPhone.Build.0 = Release|Any CPU
		{AA68D4B2-200D-4883-AC0B-0A09826A4E09}.Release|iPhone.Deploy.0 = Release|Any CPU
		{AA68D4B2-200D-4883-AC0B-0A09826A4E09}.Release|iPhoneSimulator.ActiveCfg = Release|Any CPU
		{AA68D4B2-200D-4883-AC0B-0A09826A4E09}.Release|iPhoneSimulator.Build.0 = Release|Any CPU
		{AA68D4B2-200D-4883-AC0B-0A09826A4E09}.Release|iPhoneSimulator.Deploy.0 = Release|Any CPU
		{AA68D4B2-200D-4883-AC0B-0A09826A4E09}.Release|x64.ActiveCfg = Release|Any CPU
		{AA68D4B2-200D-4883-AC0B-0A09826A4E09}.Release|x64.Build.0 = Release|Any CPU
		{AA68D4B2-200D-4883-AC0B-0A09826A4E09}.Release|x64.Deploy.0 = Release|Any CPU
		{AA68D4B2-200D-4883-AC0B-0A09826A4E09}.Release|x86.ActiveCfg = Release|Any CPU
		{AA68D4B2-200D-4883-AC0B-0A09826A4E09}.Release|x86.Build.0 = Release|Any CPU
		{AA68D4B2-200D-4883-AC0B-0A09826A4E09}.Release|x86.Deploy.0 = Release|Any CPU
	EndGlobalSection
	GlobalSection(SolutionProperties) = preSolution
		HideSolutionNode = FALSE
	EndGlobalSection
	GlobalSection(ExtensibilityGlobals) = postSolution
		SolutionGuid = {3BEF4230-EADB-498C-854C-E21A7450EBE2}
	EndGlobalSection
EndGlobal
